
Microsoft Visual Studio Solution File, Format Version 12.00
# Visual Studio 2013
VisualStudioVersion = 12.0.30501.0
MinimumVisualStudioVersion = 10.0.40219.1
Project("{FAE04EC0-301F-11D3-BF4B-00C04F79EFBC}") = "TMPuzzleXForms.WinPhone", "TMPuzzleXForms\TMPuzzleXForms.WinPhone\TMPuzzleXForms.WinPhone.csproj", "{793B5AB7-A972-4700-B769-89CC45144239}"
EndProject
Project("{FAE04EC0-301F-11D3-BF4B-00C04F79EFBC}") = "TMPuzzleXForms.iOS", "TMPuzzleXForms\TMPuzzleXForms.iOS\TMPuzzleXForms.iOS.csproj", "{2AF02A0C-0860-4F99-B108-E8CEF470BFEE}"
EndProject
Project("{FAE04EC0-301F-11D3-BF4B-00C04F79EFBC}") = "TMPuzzleXForms.Android", "TMPuzzleXForms\TMPuzzleXForms.Android\TMPuzzleXForms.Android.csproj", "{6FE65BE9-EF16-426C-A797-B7395B646B9D}"
EndProject
Project("{D954291E-2A0B-460D-934E-DC6B0785DB48}") = "TMPuzzleXForms", "TMPuzzleXForms\TMPuzzleXForms\TMPuzzleXForms.shproj", "{2CA06019-BC84-43D5-935A-CD2772F472DD}"
EndProject
Project("{FAE04EC0-301F-11D3-BF4B-00C04F79EFBC}") = "TMPuzzle.Core", "TMPuzzle.Core\TMPuzzle.Core.csproj", "{EC983EEA-CDCF-4A28-A87D-0695F29806E9}"
EndProject
Project("{FAE04EC0-301F-11D3-BF4B-00C04F79EFBC}") = "TMPuzzle.Core.Test", "TMPuzzle.Core.Test\TMPuzzle.Core.Test.csproj", "{BB6F0D82-3F02-4EC0-A250-528E5732CF73}"
EndProject
Project("{FAE04EC0-301F-11D3-BF4B-00C04F79EFBC}") = "TMPuzzle.Mobile", "TMPuzzle.Mobile\TMPuzzle.Mobile.csproj", "{3A0CFB88-8910-41AD-BF01-383DBE716C38}"
EndProject
Project("{FAE04EC0-301F-11D3-BF4B-00C04F79EFBC}") = "TMPuzzle.MobileSample", "TMPuzzle.MobileSample\TMPuzzle.MobileSample.csproj", "{A6CFE021-BFAF-44F2-AAD0-FA76742329DC}"
EndProject
Global
	GlobalSection(SharedMSBuildProjectFiles) = preSolution
		TMPuzzleXForms\TMPuzzleXForms\TMPuzzleXForms.projitems*{2af02a0c-0860-4f99-b108-e8cef470bfee}*SharedItemsImports = 4
		TMPuzzleXForms\TMPuzzleXForms\TMPuzzleXForms.projitems*{6fe65be9-ef16-426c-a797-b7395b646b9d}*SharedItemsImports = 4
		TMPuzzleXForms\TMPuzzleXForms\TMPuzzleXForms.projitems*{793b5ab7-a972-4700-b769-89cc45144239}*SharedItemsImports = 4
		TMPuzzleXForms\TMPuzzleXForms\TMPuzzleXForms.projitems*{2ca06019-bc84-43d5-935a-cd2772f472dd}*SharedItemsImports = 13
	EndGlobalSection
	GlobalSection(SolutionConfigurationPlatforms) = preSolution
		Ad-Hoc|Any CPU = Ad-Hoc|Any CPU
		Ad-Hoc|ARM = Ad-Hoc|ARM
		Ad-Hoc|iPhone = Ad-Hoc|iPhone
		Ad-Hoc|iPhoneSimulator = Ad-Hoc|iPhoneSimulator
		Ad-Hoc|Mixed Platforms = Ad-Hoc|Mixed Platforms
		Ad-Hoc|x64 = Ad-Hoc|x64
		Ad-Hoc|x86 = Ad-Hoc|x86
		AppStore|Any CPU = AppStore|Any CPU
		AppStore|ARM = AppStore|ARM
		AppStore|iPhone = AppStore|iPhone
		AppStore|iPhoneSimulator = AppStore|iPhoneSimulator
		AppStore|Mixed Platforms = AppStore|Mixed Platforms
		AppStore|x64 = AppStore|x64
		AppStore|x86 = AppStore|x86
		Debug|Any CPU = Debug|Any CPU
		Debug|ARM = Debug|ARM
		Debug|iPhone = Debug|iPhone
		Debug|iPhoneSimulator = Debug|iPhoneSimulator
		Debug|Mixed Platforms = Debug|Mixed Platforms
		Debug|x64 = Debug|x64
		Debug|x86 = Debug|x86
		Release|Any CPU = Release|Any CPU
		Release|ARM = Release|ARM
		Release|iPhone = Release|iPhone
		Release|iPhoneSimulator = Release|iPhoneSimulator
		Release|Mixed Platforms = Release|Mixed Platforms
		Release|x64 = Release|x64
		Release|x86 = Release|x86
	EndGlobalSection
	GlobalSection(ProjectConfigurationPlatforms) = postSolution
		{793B5AB7-A972-4700-B769-89CC45144239}.Ad-Hoc|Any CPU.ActiveCfg = Release|Any CPU
		{793B5AB7-A972-4700-B769-89CC45144239}.Ad-Hoc|Any CPU.Build.0 = Release|Any CPU
		{793B5AB7-A972-4700-B769-89CC45144239}.Ad-Hoc|Any CPU.Deploy.0 = Release|Any CPU
		{793B5AB7-A972-4700-B769-89CC45144239}.Ad-Hoc|ARM.ActiveCfg = Release|ARM
		{793B5AB7-A972-4700-B769-89CC45144239}.Ad-Hoc|ARM.Build.0 = Release|ARM
		{793B5AB7-A972-4700-B769-89CC45144239}.Ad-Hoc|ARM.Deploy.0 = Release|ARM
		{793B5AB7-A972-4700-B769-89CC45144239}.Ad-Hoc|iPhone.ActiveCfg = Release|Any CPU
		{793B5AB7-A972-4700-B769-89CC45144239}.Ad-Hoc|iPhoneSimulator.ActiveCfg = Release|Any CPU
		{793B5AB7-A972-4700-B769-89CC45144239}.Ad-Hoc|Mixed Platforms.ActiveCfg = Release|x86
		{793B5AB7-A972-4700-B769-89CC45144239}.Ad-Hoc|Mixed Platforms.Build.0 = Release|x86
		{793B5AB7-A972-4700-B769-89CC45144239}.Ad-Hoc|Mixed Platforms.Deploy.0 = Release|x86
		{793B5AB7-A972-4700-B769-89CC45144239}.Ad-Hoc|x64.ActiveCfg = Debug|Any CPU
		{793B5AB7-A972-4700-B769-89CC45144239}.Ad-Hoc|x86.ActiveCfg = Release|x86
		{793B5AB7-A972-4700-B769-89CC45144239}.Ad-Hoc|x86.Build.0 = Release|x86
		{793B5AB7-A972-4700-B769-89CC45144239}.Ad-Hoc|x86.Deploy.0 = Release|x86
		{793B5AB7-A972-4700-B769-89CC45144239}.AppStore|Any CPU.ActiveCfg = Release|Any CPU
		{793B5AB7-A972-4700-B769-89CC45144239}.AppStore|Any CPU.Build.0 = Release|Any CPU
		{793B5AB7-A972-4700-B769-89CC45144239}.AppStore|Any CPU.Deploy.0 = Release|Any CPU
		{793B5AB7-A972-4700-B769-89CC45144239}.AppStore|ARM.ActiveCfg = Release|ARM
		{793B5AB7-A972-4700-B769-89CC45144239}.AppStore|ARM.Build.0 = Release|ARM
		{793B5AB7-A972-4700-B769-89CC45144239}.AppStore|ARM.Deploy.0 = Release|ARM
		{793B5AB7-A972-4700-B769-89CC45144239}.AppStore|iPhone.ActiveCfg = Release|Any CPU
		{793B5AB7-A972-4700-B769-89CC45144239}.AppStore|iPhoneSimulator.ActiveCfg = Release|Any CPU
		{793B5AB7-A972-4700-B769-89CC45144239}.AppStore|Mixed Platforms.ActiveCfg = Release|x86
		{793B5AB7-A972-4700-B769-89CC45144239}.AppStore|Mixed Platforms.Build.0 = Release|x86
		{793B5AB7-A972-4700-B769-89CC45144239}.AppStore|Mixed Platforms.Deploy.0 = Release|x86
		{793B5AB7-A972-4700-B769-89CC45144239}.AppStore|x64.ActiveCfg = Debug|Any CPU
		{793B5AB7-A972-4700-B769-89CC45144239}.AppStore|x86.ActiveCfg = Release|x86
		{793B5AB7-A972-4700-B769-89CC45144239}.AppStore|x86.Build.0 = Release|x86
		{793B5AB7-A972-4700-B769-89CC45144239}.AppStore|x86.Deploy.0 = Release|x86
		{793B5AB7-A972-4700-B769-89CC45144239}.Debug|Any CPU.ActiveCfg = Debug|Any CPU
		{793B5AB7-A972-4700-B769-89CC45144239}.Debug|Any CPU.Build.0 = Debug|Any CPU
		{793B5AB7-A972-4700-B769-89CC45144239}.Debug|Any CPU.Deploy.0 = Debug|Any CPU
		{793B5AB7-A972-4700-B769-89CC45144239}.Debug|ARM.ActiveCfg = Debug|ARM
		{793B5AB7-A972-4700-B769-89CC45144239}.Debug|ARM.Build.0 = Debug|ARM
		{793B5AB7-A972-4700-B769-89CC45144239}.Debug|ARM.Deploy.0 = Debug|ARM
		{793B5AB7-A972-4700-B769-89CC45144239}.Debug|iPhone.ActiveCfg = Debug|Any CPU
		{793B5AB7-A972-4700-B769-89CC45144239}.Debug|iPhoneSimulator.ActiveCfg = Debug|Any CPU
		{793B5AB7-A972-4700-B769-89CC45144239}.Debug|Mixed Platforms.ActiveCfg = Debug|x86
		{793B5AB7-A972-4700-B769-89CC45144239}.Debug|Mixed Platforms.Build.0 = Debug|x86
		{793B5AB7-A972-4700-B769-89CC45144239}.Debug|Mixed Platforms.Deploy.0 = Debug|x86
		{793B5AB7-A972-4700-B769-89CC45144239}.Debug|x64.ActiveCfg = Debug|Any CPU
		{793B5AB7-A972-4700-B769-89CC45144239}.Debug|x86.ActiveCfg = Debug|x86
		{793B5AB7-A972-4700-B769-89CC45144239}.Debug|x86.Build.0 = Debug|x86
		{793B5AB7-A972-4700-B769-89CC45144239}.Debug|x86.Deploy.0 = Debug|x86
		{793B5AB7-A972-4700-B769-89CC45144239}.Release|Any CPU.ActiveCfg = Release|Any CPU
		{793B5AB7-A972-4700-B769-89CC45144239}.Release|Any CPU.Build.0 = Release|Any CPU
		{793B5AB7-A972-4700-B769-89CC45144239}.Release|Any CPU.Deploy.0 = Release|Any CPU
		{793B5AB7-A972-4700-B769-89CC45144239}.Release|ARM.ActiveCfg = Release|ARM
		{793B5AB7-A972-4700-B769-89CC45144239}.Release|ARM.Build.0 = Release|ARM
		{793B5AB7-A972-4700-B769-89CC45144239}.Release|ARM.Deploy.0 = Release|ARM
		{793B5AB7-A972-4700-B769-89CC45144239}.Release|iPhone.ActiveCfg = Release|Any CPU
		{793B5AB7-A972-4700-B769-89CC45144239}.Release|iPhoneSimulator.ActiveCfg = Release|Any CPU
		{793B5AB7-A972-4700-B769-89CC45144239}.Release|Mixed Platforms.ActiveCfg = Release|x86
		{793B5AB7-A972-4700-B769-89CC45144239}.Release|Mixed Platforms.Build.0 = Release|x86
		{793B5AB7-A972-4700-B769-89CC45144239}.Release|Mixed Platforms.Deploy.0 = Release|x86
		{793B5AB7-A972-4700-B769-89CC45144239}.Release|x64.ActiveCfg = Release|Any CPU
		{793B5AB7-A972-4700-B769-89CC45144239}.Release|x86.ActiveCfg = Release|x86
		{793B5AB7-A972-4700-B769-89CC45144239}.Release|x86.Build.0 = Release|x86
		{793B5AB7-A972-4700-B769-89CC45144239}.Release|x86.Deploy.0 = Release|x86
		{2AF02A0C-0860-4F99-B108-E8CEF470BFEE}.Ad-Hoc|Any CPU.ActiveCfg = Ad-Hoc|iPhone
		{2AF02A0C-0860-4F99-B108-E8CEF470BFEE}.Ad-Hoc|ARM.ActiveCfg = Ad-Hoc|iPhone
		{2AF02A0C-0860-4F99-B108-E8CEF470BFEE}.Ad-Hoc|iPhone.ActiveCfg = Ad-Hoc|iPhone
		{2AF02A0C-0860-4F99-B108-E8CEF470BFEE}.Ad-Hoc|iPhone.Build.0 = Ad-Hoc|iPhone
		{2AF02A0C-0860-4F99-B108-E8CEF470BFEE}.Ad-Hoc|iPhone.Deploy.0 = Ad-Hoc|iPhone
		{2AF02A0C-0860-4F99-B108-E8CEF470BFEE}.Ad-Hoc|iPhoneSimulator.ActiveCfg = Ad-Hoc|iPhoneSimulator
		{2AF02A0C-0860-4F99-B108-E8CEF470BFEE}.Ad-Hoc|iPhoneSimulator.Build.0 = Ad-Hoc|iPhoneSimulator
		{2AF02A0C-0860-4F99-B108-E8CEF470BFEE}.Ad-Hoc|iPhoneSimulator.Deploy.0 = Ad-Hoc|iPhoneSimulator
		{2AF02A0C-0860-4F99-B108-E8CEF470BFEE}.Ad-Hoc|Mixed Platforms.ActiveCfg = Ad-Hoc|iPhone
		{2AF02A0C-0860-4F99-B108-E8CEF470BFEE}.Ad-Hoc|Mixed Platforms.Build.0 = Ad-Hoc|iPhone
		{2AF02A0C-0860-4F99-B108-E8CEF470BFEE}.Ad-Hoc|Mixed Platforms.Deploy.0 = Ad-Hoc|iPhone
		{2AF02A0C-0860-4F99-B108-E8CEF470BFEE}.Ad-Hoc|x64.ActiveCfg = Ad-Hoc|iPhoneSimulator
		{2AF02A0C-0860-4F99-B108-E8CEF470BFEE}.Ad-Hoc|x86.ActiveCfg = Ad-Hoc|iPhone
		{2AF02A0C-0860-4F99-B108-E8CEF470BFEE}.AppStore|Any CPU.ActiveCfg = AppStore|iPhone
		{2AF02A0C-0860-4F99-B108-E8CEF470BFEE}.AppStore|ARM.ActiveCfg = AppStore|iPhone
		{2AF02A0C-0860-4F99-B108-E8CEF470BFEE}.AppStore|iPhone.ActiveCfg = AppStore|iPhone
		{2AF02A0C-0860-4F99-B108-E8CEF470BFEE}.AppStore|iPhone.Build.0 = AppStore|iPhone
		{2AF02A0C-0860-4F99-B108-E8CEF470BFEE}.AppStore|iPhone.Deploy.0 = AppStore|iPhone
		{2AF02A0C-0860-4F99-B108-E8CEF470BFEE}.AppStore|iPhoneSimulator.ActiveCfg = AppStore|iPhoneSimulator
		{2AF02A0C-0860-4F99-B108-E8CEF470BFEE}.AppStore|iPhoneSimulator.Build.0 = AppStore|iPhoneSimulator
		{2AF02A0C-0860-4F99-B108-E8CEF470BFEE}.AppStore|iPhoneSimulator.Deploy.0 = AppStore|iPhoneSimulator
		{2AF02A0C-0860-4F99-B108-E8CEF470BFEE}.AppStore|Mixed Platforms.ActiveCfg = AppStore|iPhone
		{2AF02A0C-0860-4F99-B108-E8CEF470BFEE}.AppStore|Mixed Platforms.Build.0 = AppStore|iPhone
		{2AF02A0C-0860-4F99-B108-E8CEF470BFEE}.AppStore|Mixed Platforms.Deploy.0 = AppStore|iPhone
		{2AF02A0C-0860-4F99-B108-E8CEF470BFEE}.AppStore|x64.ActiveCfg = AppStore|iPhoneSimulator
		{2AF02A0C-0860-4F99-B108-E8CEF470BFEE}.AppStore|x86.ActiveCfg = AppStore|iPhone
		{2AF02A0C-0860-4F99-B108-E8CEF470BFEE}.Debug|Any CPU.ActiveCfg = Debug|iPhone
		{2AF02A0C-0860-4F99-B108-E8CEF470BFEE}.Debug|ARM.ActiveCfg = Debug|iPhone
		{2AF02A0C-0860-4F99-B108-E8CEF470BFEE}.Debug|iPhone.ActiveCfg = Debug|iPhone
		{2AF02A0C-0860-4F99-B108-E8CEF470BFEE}.Debug|iPhone.Build.0 = Debug|iPhone
		{2AF02A0C-0860-4F99-B108-E8CEF470BFEE}.Debug|iPhone.Deploy.0 = Debug|iPhone
		{2AF02A0C-0860-4F99-B108-E8CEF470BFEE}.Debug|iPhoneSimulator.ActiveCfg = Debug|iPhoneSimulator
		{2AF02A0C-0860-4F99-B108-E8CEF470BFEE}.Debug|iPhoneSimulator.Build.0 = Debug|iPhoneSimulator
		{2AF02A0C-0860-4F99-B108-E8CEF470BFEE}.Debug|iPhoneSimulator.Deploy.0 = Debug|iPhoneSimulator
		{2AF02A0C-0860-4F99-B108-E8CEF470BFEE}.Debug|Mixed Platforms.ActiveCfg = Debug|iPhone
		{2AF02A0C-0860-4F99-B108-E8CEF470BFEE}.Debug|Mixed Platforms.Build.0 = Debug|iPhone
		{2AF02A0C-0860-4F99-B108-E8CEF470BFEE}.Debug|Mixed Platforms.Deploy.0 = Debug|iPhone
		{2AF02A0C-0860-4F99-B108-E8CEF470BFEE}.Debug|x64.ActiveCfg = Debug|iPhoneSimulator
		{2AF02A0C-0860-4F99-B108-E8CEF470BFEE}.Debug|x86.ActiveCfg = Debug|iPhone
		{2AF02A0C-0860-4F99-B108-E8CEF470BFEE}.Release|Any CPU.ActiveCfg = Release|iPhone
		{2AF02A0C-0860-4F99-B108-E8CEF470BFEE}.Release|ARM.ActiveCfg = Release|iPhone
		{2AF02A0C-0860-4F99-B108-E8CEF470BFEE}.Release|iPhone.ActiveCfg = Release|iPhone
		{2AF02A0C-0860-4F99-B108-E8CEF470BFEE}.Release|iPhone.Build.0 = Release|iPhone
		{2AF02A0C-0860-4F99-B108-E8CEF470BFEE}.Release|iPhone.Deploy.0 = Release|iPhone
		{2AF02A0C-0860-4F99-B108-E8CEF470BFEE}.Release|iPhoneSimulator.ActiveCfg = Release|iPhoneSimulator
		{2AF02A0C-0860-4F99-B108-E8CEF470BFEE}.Release|iPhoneSimulator.Build.0 = Release|iPhoneSimulator
		{2AF02A0C-0860-4F99-B108-E8CEF470BFEE}.Release|iPhoneSimulator.Deploy.0 = Release|iPhoneSimulator
		{2AF02A0C-0860-4F99-B108-E8CEF470BFEE}.Release|Mixed Platforms.ActiveCfg = Release|iPhone
		{2AF02A0C-0860-4F99-B108-E8CEF470BFEE}.Release|Mixed Platforms.Build.0 = Release|iPhone
		{2AF02A0C-0860-4F99-B108-E8CEF470BFEE}.Release|Mixed Platforms.Deploy.0 = Release|iPhone
		{2AF02A0C-0860-4F99-B108-E8CEF470BFEE}.Release|x64.ActiveCfg = Release|iPhoneSimulator
		{2AF02A0C-0860-4F99-B108-E8CEF470BFEE}.Release|x86.ActiveCfg = Release|iPhone
		{6FE65BE9-EF16-426C-A797-B7395B646B9D}.Ad-Hoc|Any CPU.ActiveCfg = Release|Any CPU
		{6FE65BE9-EF16-426C-A797-B7395B646B9D}.Ad-Hoc|Any CPU.Build.0 = Release|Any CPU
		{6FE65BE9-EF16-426C-A797-B7395B646B9D}.Ad-Hoc|Any CPU.Deploy.0 = Release|Any CPU
		{6FE65BE9-EF16-426C-A797-B7395B646B9D}.Ad-Hoc|ARM.ActiveCfg = Release|Any CPU
		{6FE65BE9-EF16-426C-A797-B7395B646B9D}.Ad-Hoc|iPhone.ActiveCfg = Release|Any CPU
		{6FE65BE9-EF16-426C-A797-B7395B646B9D}.Ad-Hoc|iPhoneSimulator.ActiveCfg = Release|Any CPU
		{6FE65BE9-EF16-426C-A797-B7395B646B9D}.Ad-Hoc|Mixed Platforms.ActiveCfg = Release|Any CPU
		{6FE65BE9-EF16-426C-A797-B7395B646B9D}.Ad-Hoc|Mixed Platforms.Build.0 = Release|Any CPU
		{6FE65BE9-EF16-426C-A797-B7395B646B9D}.Ad-Hoc|Mixed Platforms.Deploy.0 = Release|Any CPU
		{6FE65BE9-EF16-426C-A797-B7395B646B9D}.Ad-Hoc|x64.ActiveCfg = Debug|Any CPU
		{6FE65BE9-EF16-426C-A797-B7395B646B9D}.Ad-Hoc|x86.ActiveCfg = Release|Any CPU
		{6FE65BE9-EF16-426C-A797-B7395B646B9D}.AppStore|Any CPU.ActiveCfg = Release|Any CPU
		{6FE65BE9-EF16-426C-A797-B7395B646B9D}.AppStore|Any CPU.Build.0 = Release|Any CPU
		{6FE65BE9-EF16-426C-A797-B7395B646B9D}.AppStore|Any CPU.Deploy.0 = Release|Any CPU
		{6FE65BE9-EF16-426C-A797-B7395B646B9D}.AppStore|ARM.ActiveCfg = Release|Any CPU
		{6FE65BE9-EF16-426C-A797-B7395B646B9D}.AppStore|iPhone.ActiveCfg = Release|Any CPU
		{6FE65BE9-EF16-426C-A797-B7395B646B9D}.AppStore|iPhoneSimulator.ActiveCfg = Release|Any CPU
		{6FE65BE9-EF16-426C-A797-B7395B646B9D}.AppStore|Mixed Platforms.ActiveCfg = Release|Any CPU
		{6FE65BE9-EF16-426C-A797-B7395B646B9D}.AppStore|Mixed Platforms.Build.0 = Release|Any CPU
		{6FE65BE9-EF16-426C-A797-B7395B646B9D}.AppStore|Mixed Platforms.Deploy.0 = Release|Any CPU
		{6FE65BE9-EF16-426C-A797-B7395B646B9D}.AppStore|x64.ActiveCfg = Debug|Any CPU
		{6FE65BE9-EF16-426C-A797-B7395B646B9D}.AppStore|x86.ActiveCfg = Release|Any CPU
		{6FE65BE9-EF16-426C-A797-B7395B646B9D}.Debug|Any CPU.ActiveCfg = Debug|Any CPU
		{6FE65BE9-EF16-426C-A797-B7395B646B9D}.Debug|Any CPU.Build.0 = Debug|Any CPU
		{6FE65BE9-EF16-426C-A797-B7395B646B9D}.Debug|Any CPU.Deploy.0 = Debug|Any CPU
		{6FE65BE9-EF16-426C-A797-B7395B646B9D}.Debug|ARM.ActiveCfg = Debug|Any CPU
		{6FE65BE9-EF16-426C-A797-B7395B646B9D}.Debug|iPhone.ActiveCfg = Debug|Any CPU
		{6FE65BE9-EF16-426C-A797-B7395B646B9D}.Debug|iPhoneSimulator.ActiveCfg = Debug|Any CPU
		{6FE65BE9-EF16-426C-A797-B7395B646B9D}.Debug|Mixed Platforms.ActiveCfg = Debug|Any CPU
		{6FE65BE9-EF16-426C-A797-B7395B646B9D}.Debug|Mixed Platforms.Build.0 = Debug|Any CPU
		{6FE65BE9-EF16-426C-A797-B7395B646B9D}.Debug|Mixed Platforms.Deploy.0 = Debug|Any CPU
		{6FE65BE9-EF16-426C-A797-B7395B646B9D}.Debug|x64.ActiveCfg = Debug|Any CPU
		{6FE65BE9-EF16-426C-A797-B7395B646B9D}.Debug|x86.ActiveCfg = Debug|Any CPU
		{6FE65BE9-EF16-426C-A797-B7395B646B9D}.Release|Any CPU.ActiveCfg = Release|Any CPU
		{6FE65BE9-EF16-426C-A797-B7395B646B9D}.Release|Any CPU.Build.0 = Release|Any CPU
		{6FE65BE9-EF16-426C-A797-B7395B646B9D}.Release|Any CPU.Deploy.0 = Release|Any CPU
		{6FE65BE9-EF16-426C-A797-B7395B646B9D}.Release|ARM.ActiveCfg = Release|Any CPU
		{6FE65BE9-EF16-426C-A797-B7395B646B9D}.Release|iPhone.ActiveCfg = Release|Any CPU
		{6FE65BE9-EF16-426C-A797-B7395B646B9D}.Release|iPhoneSimulator.ActiveCfg = Release|Any CPU
		{6FE65BE9-EF16-426C-A797-B7395B646B9D}.Release|Mixed Platforms.ActiveCfg = Release|Any CPU
		{6FE65BE9-EF16-426C-A797-B7395B646B9D}.Release|Mixed Platforms.Build.0 = Release|Any CPU
		{6FE65BE9-EF16-426C-A797-B7395B646B9D}.Release|Mixed Platforms.Deploy.0 = Release|Any CPU
		{6FE65BE9-EF16-426C-A797-B7395B646B9D}.Release|x64.ActiveCfg = Release|Any CPU
		{6FE65BE9-EF16-426C-A797-B7395B646B9D}.Release|x86.ActiveCfg = Release|Any CPU
		{EC983EEA-CDCF-4A28-A87D-0695F29806E9}.Ad-Hoc|Any CPU.ActiveCfg = Release|Any CPU
		{EC983EEA-CDCF-4A28-A87D-0695F29806E9}.Ad-Hoc|Any CPU.Build.0 = Release|Any CPU
		{EC983EEA-CDCF-4A28-A87D-0695F29806E9}.Ad-Hoc|ARM.ActiveCfg = Release|Any CPU
		{EC983EEA-CDCF-4A28-A87D-0695F29806E9}.Ad-Hoc|iPhone.ActiveCfg = Release|Any CPU
		{EC983EEA-CDCF-4A28-A87D-0695F29806E9}.Ad-Hoc|iPhoneSimulator.ActiveCfg = Release|Any CPU
		{EC983EEA-CDCF-4A28-A87D-0695F29806E9}.Ad-Hoc|Mixed Platforms.ActiveCfg = Release|Any CPU
		{EC983EEA-CDCF-4A28-A87D-0695F29806E9}.Ad-Hoc|Mixed Platforms.Build.0 = Release|Any CPU
		{EC983EEA-CDCF-4A28-A87D-0695F29806E9}.Ad-Hoc|x64.ActiveCfg = Debug|Any CPU
		{EC983EEA-CDCF-4A28-A87D-0695F29806E9}.Ad-Hoc|x86.ActiveCfg = Release|Any CPU
		{EC983EEA-CDCF-4A28-A87D-0695F29806E9}.AppStore|Any CPU.ActiveCfg = Release|Any CPU
		{EC983EEA-CDCF-4A28-A87D-0695F29806E9}.AppStore|Any CPU.Build.0 = Release|Any CPU
		{EC983EEA-CDCF-4A28-A87D-0695F29806E9}.AppStore|ARM.ActiveCfg = Release|Any CPU
		{EC983EEA-CDCF-4A28-A87D-0695F29806E9}.AppStore|iPhone.ActiveCfg = Release|Any CPU
		{EC983EEA-CDCF-4A28-A87D-0695F29806E9}.AppStore|iPhoneSimulator.ActiveCfg = Release|Any CPU
		{EC983EEA-CDCF-4A28-A87D-0695F29806E9}.AppStore|Mixed Platforms.ActiveCfg = Release|Any CPU
		{EC983EEA-CDCF-4A28-A87D-0695F29806E9}.AppStore|Mixed Platforms.Build.0 = Release|Any CPU
		{EC983EEA-CDCF-4A28-A87D-0695F29806E9}.AppStore|x64.ActiveCfg = Debug|Any CPU
		{EC983EEA-CDCF-4A28-A87D-0695F29806E9}.AppStore|x86.ActiveCfg = Release|Any CPU
		{EC983EEA-CDCF-4A28-A87D-0695F29806E9}.Debug|Any CPU.ActiveCfg = Debug|Any CPU
		{EC983EEA-CDCF-4A28-A87D-0695F29806E9}.Debug|Any CPU.Build.0 = Debug|Any CPU
		{EC983EEA-CDCF-4A28-A87D-0695F29806E9}.Debug|ARM.ActiveCfg = Debug|Any CPU
		{EC983EEA-CDCF-4A28-A87D-0695F29806E9}.Debug|iPhone.ActiveCfg = Debug|Any CPU
		{EC983EEA-CDCF-4A28-A87D-0695F29806E9}.Debug|iPhoneSimulator.ActiveCfg = Debug|Any CPU
		{EC983EEA-CDCF-4A28-A87D-0695F29806E9}.Debug|Mixed Platforms.ActiveCfg = Debug|Any CPU
		{EC983EEA-CDCF-4A28-A87D-0695F29806E9}.Debug|Mixed Platforms.Build.0 = Debug|Any CPU
		{EC983EEA-CDCF-4A28-A87D-0695F29806E9}.Debug|x64.ActiveCfg = Debug|Any CPU
		{EC983EEA-CDCF-4A28-A87D-0695F29806E9}.Debug|x86.ActiveCfg = Debug|Any CPU
		{EC983EEA-CDCF-4A28-A87D-0695F29806E9}.Release|Any CPU.ActiveCfg = Release|Any CPU
		{EC983EEA-CDCF-4A28-A87D-0695F29806E9}.Release|Any CPU.Build.0 = Release|Any CPU
		{EC983EEA-CDCF-4A28-A87D-0695F29806E9}.Release|ARM.ActiveCfg = Release|Any CPU
		{EC983EEA-CDCF-4A28-A87D-0695F29806E9}.Release|iPhone.ActiveCfg = Release|Any CPU
		{EC983EEA-CDCF-4A28-A87D-0695F29806E9}.Release|iPhoneSimulator.ActiveCfg = Release|Any CPU
		{EC983EEA-CDCF-4A28-A87D-0695F29806E9}.Release|Mixed Platforms.ActiveCfg = Release|Any CPU
		{EC983EEA-CDCF-4A28-A87D-0695F29806E9}.Release|Mixed Platforms.Build.0 = Release|Any CPU
		{EC983EEA-CDCF-4A28-A87D-0695F29806E9}.Release|x64.ActiveCfg = Release|Any CPU
		{EC983EEA-CDCF-4A28-A87D-0695F29806E9}.Release|x86.ActiveCfg = Release|Any CPU
		{BB6F0D82-3F02-4EC0-A250-528E5732CF73}.Ad-Hoc|Any CPU.ActiveCfg = Release|Any CPU
		{BB6F0D82-3F02-4EC0-A250-528E5732CF73}.Ad-Hoc|Any CPU.Build.0 = Release|Any CPU
		{BB6F0D82-3F02-4EC0-A250-528E5732CF73}.Ad-Hoc|ARM.ActiveCfg = Release|Any CPU
		{BB6F0D82-3F02-4EC0-A250-528E5732CF73}.Ad-Hoc|iPhone.ActiveCfg = Release|Any CPU
		{BB6F0D82-3F02-4EC0-A250-528E5732CF73}.Ad-Hoc|iPhoneSimulator.ActiveCfg = Release|Any CPU
		{BB6F0D82-3F02-4EC0-A250-528E5732CF73}.Ad-Hoc|Mixed Platforms.ActiveCfg = Release|Any CPU
		{BB6F0D82-3F02-4EC0-A250-528E5732CF73}.Ad-Hoc|Mixed Platforms.Build.0 = Release|Any CPU
		{BB6F0D82-3F02-4EC0-A250-528E5732CF73}.Ad-Hoc|x64.ActiveCfg = Release|Any CPU
		{BB6F0D82-3F02-4EC0-A250-528E5732CF73}.Ad-Hoc|x86.ActiveCfg = Release|Any CPU
		{BB6F0D82-3F02-4EC0-A250-528E5732CF73}.AppStore|Any CPU.ActiveCfg = Release|Any CPU
		{BB6F0D82-3F02-4EC0-A250-528E5732CF73}.AppStore|Any CPU.Build.0 = Release|Any CPU
		{BB6F0D82-3F02-4EC0-A250-528E5732CF73}.AppStore|ARM.ActiveCfg = Release|Any CPU
		{BB6F0D82-3F02-4EC0-A250-528E5732CF73}.AppStore|iPhone.ActiveCfg = Release|Any CPU
		{BB6F0D82-3F02-4EC0-A250-528E5732CF73}.AppStore|iPhoneSimulator.ActiveCfg = Release|Any CPU
		{BB6F0D82-3F02-4EC0-A250-528E5732CF73}.AppStore|Mixed Platforms.ActiveCfg = Release|Any CPU
		{BB6F0D82-3F02-4EC0-A250-528E5732CF73}.AppStore|Mixed Platforms.Build.0 = Release|Any CPU
		{BB6F0D82-3F02-4EC0-A250-528E5732CF73}.AppStore|x64.ActiveCfg = Release|Any CPU
		{BB6F0D82-3F02-4EC0-A250-528E5732CF73}.AppStore|x86.ActiveCfg = Release|Any CPU
		{BB6F0D82-3F02-4EC0-A250-528E5732CF73}.Debug|Any CPU.ActiveCfg = Debug|Any CPU
		{BB6F0D82-3F02-4EC0-A250-528E5732CF73}.Debug|Any CPU.Build.0 = Debug|Any CPU
		{BB6F0D82-3F02-4EC0-A250-528E5732CF73}.Debug|ARM.ActiveCfg = Debug|Any CPU
		{BB6F0D82-3F02-4EC0-A250-528E5732CF73}.Debug|iPhone.ActiveCfg = Debug|Any CPU
		{BB6F0D82-3F02-4EC0-A250-528E5732CF73}.Debug|iPhoneSimulator.ActiveCfg = Debug|Any CPU
		{BB6F0D82-3F02-4EC0-A250-528E5732CF73}.Debug|Mixed Platforms.ActiveCfg = Debug|Any CPU
		{BB6F0D82-3F02-4EC0-A250-528E5732CF73}.Debug|Mixed Platforms.Build.0 = Debug|Any CPU
		{BB6F0D82-3F02-4EC0-A250-528E5732CF73}.Debug|x64.ActiveCfg = Debug|Any CPU
		{BB6F0D82-3F02-4EC0-A250-528E5732CF73}.Debug|x86.ActiveCfg = Debug|Any CPU
		{BB6F0D82-3F02-4EC0-A250-528E5732CF73}.Release|Any CPU.ActiveCfg = Release|Any CPU
		{BB6F0D82-3F02-4EC0-A250-528E5732CF73}.Release|Any CPU.Build.0 = Release|Any CPU
		{BB6F0D82-3F02-4EC0-A250-528E5732CF73}.Release|ARM.ActiveCfg = Release|Any CPU
		{BB6F0D82-3F02-4EC0-A250-528E5732CF73}.Release|iPhone.ActiveCfg = Release|Any CPU
		{BB6F0D82-3F02-4EC0-A250-528E5732CF73}.Release|iPhoneSimulator.ActiveCfg = Release|Any CPU
		{BB6F0D82-3F02-4EC0-A250-528E5732CF73}.Release|Mixed Platforms.ActiveCfg = Release|Any CPU
		{BB6F0D82-3F02-4EC0-A250-528E5732CF73}.Release|Mixed Platforms.Build.0 = Release|Any CPU
		{BB6F0D82-3F02-4EC0-A250-528E5732CF73}.Release|x64.ActiveCfg = Release|Any CPU
		{BB6F0D82-3F02-4EC0-A250-528E5732CF73}.Release|x86.ActiveCfg = Release|Any CPU
		{3A0CFB88-8910-41AD-BF01-383DBE716C38}.Ad-Hoc|Any CPU.ActiveCfg = Release|Any CPU
		{3A0CFB88-8910-41AD-BF01-383DBE716C38}.Ad-Hoc|Any CPU.Build.0 = Release|Any CPU
		{3A0CFB88-8910-41AD-BF01-383DBE716C38}.Ad-Hoc|ARM.ActiveCfg = Release|Any CPU
		{3A0CFB88-8910-41AD-BF01-383DBE716C38}.Ad-Hoc|iPhone.ActiveCfg = Release|Any CPU
		{3A0CFB88-8910-41AD-BF01-383DBE716C38}.Ad-Hoc|iPhoneSimulator.ActiveCfg = Release|Any CPU
		{3A0CFB88-8910-41AD-BF01-383DBE716C38}.Ad-Hoc|Mixed Platforms.ActiveCfg = Release|Any CPU
		{3A0CFB88-8910-41AD-BF01-383DBE716C38}.Ad-Hoc|Mixed Platforms.Build.0 = Release|Any CPU
		{3A0CFB88-8910-41AD-BF01-383DBE716C38}.Ad-Hoc|x64.ActiveCfg = Release|Any CPU
		{3A0CFB88-8910-41AD-BF01-383DBE716C38}.Ad-Hoc|x86.ActiveCfg = Release|Any CPU
		{3A0CFB88-8910-41AD-BF01-383DBE716C38}.AppStore|Any CPU.ActiveCfg = Release|Any CPU
		{3A0CFB88-8910-41AD-BF01-383DBE716C38}.AppStore|Any CPU.Build.0 = Release|Any CPU
		{3A0CFB88-8910-41AD-BF01-383DBE716C38}.AppStore|ARM.ActiveCfg = Release|Any CPU
		{3A0CFB88-8910-41AD-BF01-383DBE716C38}.AppStore|iPhone.ActiveCfg = Release|Any CPU
		{3A0CFB88-8910-41AD-BF01-383DBE716C38}.AppStore|iPhoneSimulator.ActiveCfg = Release|Any CPU
		{3A0CFB88-8910-41AD-BF01-383DBE716C38}.AppStore|Mixed Platforms.ActiveCfg = Release|Any CPU
		{3A0CFB88-8910-41AD-BF01-383DBE716C38}.AppStore|Mixed Platforms.Build.0 = Release|Any CPU
		{3A0CFB88-8910-41AD-BF01-383DBE716C38}.AppStore|x64.ActiveCfg = Release|Any CPU
		{3A0CFB88-8910-41AD-BF01-383DBE716C38}.AppStore|x86.ActiveCfg = Release|Any CPU
		{3A0CFB88-8910-41AD-BF01-383DBE716C38}.Debug|Any CPU.ActiveCfg = Debug|Any CPU
		{3A0CFB88-8910-41AD-BF01-383DBE716C38}.Debug|Any CPU.Build.0 = Debug|Any CPU
		{3A0CFB88-8910-41AD-BF01-383DBE716C38}.Debug|ARM.ActiveCfg = Debug|Any CPU
		{3A0CFB88-8910-41AD-BF01-383DBE716C38}.Debug|iPhone.ActiveCfg = Debug|Any CPU
		{3A0CFB88-8910-41AD-BF01-383DBE716C38}.Debug|iPhoneSimulator.ActiveCfg = Debug|Any CPU
		{3A0CFB88-8910-41AD-BF01-383DBE716C38}.Debug|Mixed Platforms.ActiveCfg = Debug|Any CPU
		{3A0CFB88-8910-41AD-BF01-383DBE716C38}.Debug|Mixed Platforms.Build.0 = Debug|Any CPU
		{3A0CFB88-8910-41AD-BF01-383DBE716C38}.Debug|x64.ActiveCfg = Debug|Any CPU
		{3A0CFB88-8910-41AD-BF01-383DBE716C38}.Debug|x86.ActiveCfg = Debug|Any CPU
		{3A0CFB88-8910-41AD-BF01-383DBE716C38}.Release|Any CPU.ActiveCfg = Release|Any CPU
		{3A0CFB88-8910-41AD-BF01-383DBE716C38}.Release|Any CPU.Build.0 = Release|Any CPU
		{3A0CFB88-8910-41AD-BF01-383DBE716C38}.Release|ARM.ActiveCfg = Release|Any CPU
		{3A0CFB88-8910-41AD-BF01-383DBE716C38}.Release|iPhone.ActiveCfg = Release|Any CPU
		{3A0CFB88-8910-41AD-BF01-383DBE716C38}.Release|iPhoneSimulator.ActiveCfg = Release|Any CPU
		{3A0CFB88-8910-41AD-BF01-383DBE716C38}.Release|Mixed Platforms.ActiveCfg = Release|Any CPU
		{3A0CFB88-8910-41AD-BF01-383DBE716C38}.Release|Mixed Platforms.Build.0 = Release|Any CPU
		{3A0CFB88-8910-41AD-BF01-383DBE716C38}.Release|x64.ActiveCfg = Release|Any CPU
		{3A0CFB88-8910-41AD-BF01-383DBE716C38}.Release|x86.ActiveCfg = Release|Any CPU
		{A6CFE021-BFAF-44F2-AAD0-FA76742329DC}.Ad-Hoc|Any CPU.ActiveCfg = Release|Any CPU
		{A6CFE021-BFAF-44F2-AAD0-FA76742329DC}.Ad-Hoc|Any CPU.Build.0 = Release|Any CPU
		{A6CFE021-BFAF-44F2-AAD0-FA76742329DC}.Ad-Hoc|Any CPU.Deploy.0 = Release|Any CPU
		{A6CFE021-BFAF-44F2-AAD0-FA76742329DC}.Ad-Hoc|ARM.ActiveCfg = Release|ARM
		{A6CFE021-BFAF-44F2-AAD0-FA76742329DC}.Ad-Hoc|ARM.Build.0 = Release|ARM
		{A6CFE021-BFAF-44F2-AAD0-FA76742329DC}.Ad-Hoc|ARM.Deploy.0 = Release|ARM
		{A6CFE021-BFAF-44F2-AAD0-FA76742329DC}.Ad-Hoc|iPhone.ActiveCfg = Release|Any CPU
		{A6CFE021-BFAF-44F2-AAD0-FA76742329DC}.Ad-Hoc|iPhoneSimulator.ActiveCfg = Release|Any CPU
		{A6CFE021-BFAF-44F2-AAD0-FA76742329DC}.Ad-Hoc|Mixed Platforms.ActiveCfg = Release|x86
		{A6CFE021-BFAF-44F2-AAD0-FA76742329DC}.Ad-Hoc|Mixed Platforms.Build.0 = Release|x86
		{A6CFE021-BFAF-44F2-AAD0-FA76742329DC}.Ad-Hoc|Mixed Platforms.Deploy.0 = Release|x86
		{A6CFE021-BFAF-44F2-AAD0-FA76742329DC}.Ad-Hoc|x64.ActiveCfg = Release|x64
		{A6CFE021-BFAF-44F2-AAD0-FA76742329DC}.Ad-Hoc|x64.Build.0 = Release|x64
		{A6CFE021-BFAF-44F2-AAD0-FA76742329DC}.Ad-Hoc|x64.Deploy.0 = Release|x64
		{A6CFE021-BFAF-44F2-AAD0-FA76742329DC}.Ad-Hoc|x86.ActiveCfg = Release|x86
		{A6CFE021-BFAF-44F2-AAD0-FA76742329DC}.Ad-Hoc|x86.Build.0 = Release|x86
		{A6CFE021-BFAF-44F2-AAD0-FA76742329DC}.Ad-Hoc|x86.Deploy.0 = Release|x86
		{A6CFE021-BFAF-44F2-AAD0-FA76742329DC}.AppStore|Any CPU.ActiveCfg = Release|Any CPU
		{A6CFE021-BFAF-44F2-AAD0-FA76742329DC}.AppStore|Any CPU.Build.0 = Release|Any CPU
		{A6CFE021-BFAF-44F2-AAD0-FA76742329DC}.AppStore|Any CPU.Deploy.0 = Release|Any CPU
		{A6CFE021-BFAF-44F2-AAD0-FA76742329DC}.AppStore|ARM.ActiveCfg = Release|ARM
		{A6CFE021-BFAF-44F2-AAD0-FA76742329DC}.AppStore|ARM.Build.0 = Release|ARM
		{A6CFE021-BFAF-44F2-AAD0-FA76742329DC}.AppStore|ARM.Deploy.0 = Release|ARM
		{A6CFE021-BFAF-44F2-AAD0-FA76742329DC}.AppStore|iPhone.ActiveCfg = Release|Any CPU
		{A6CFE021-BFAF-44F2-AAD0-FA76742329DC}.AppStore|iPhoneSimulator.ActiveCfg = Release|Any CPU
		{A6CFE021-BFAF-44F2-AAD0-FA76742329DC}.AppStore|Mixed Platforms.ActiveCfg = Release|x86
		{A6CFE021-BFAF-44F2-AAD0-FA76742329DC}.AppStore|Mixed Platforms.Build.0 = Release|x86
		{A6CFE021-BFAF-44F2-AAD0-FA76742329DC}.AppStore|Mixed Platforms.Deploy.0 = Release|x86
		{A6CFE021-BFAF-44F2-AAD0-FA76742329DC}.AppStore|x64.ActiveCfg = Release|x64
		{A6CFE021-BFAF-44F2-AAD0-FA76742329DC}.AppStore|x64.Build.0 = Release|x64
		{A6CFE021-BFAF-44F2-AAD0-FA76742329DC}.AppStore|x64.Deploy.0 = Release|x64
		{A6CFE021-BFAF-44F2-AAD0-FA76742329DC}.AppStore|x86.ActiveCfg = Release|x86
		{A6CFE021-BFAF-44F2-AAD0-FA76742329DC}.AppStore|x86.Build.0 = Release|x86
		{A6CFE021-BFAF-44F2-AAD0-FA76742329DC}.AppStore|x86.Deploy.0 = Release|x86
		{A6CFE021-BFAF-44F2-AAD0-FA76742329DC}.Debug|Any CPU.ActiveCfg = Debug|Any CPU
		{A6CFE021-BFAF-44F2-AAD0-FA76742329DC}.Debug|Any CPU.Build.0 = Debug|Any CPU
		{A6CFE021-BFAF-44F2-AAD0-FA76742329DC}.Debug|Any CPU.Deploy.0 = Debug|Any CPU
		{A6CFE021-BFAF-44F2-AAD0-FA76742329DC}.Debug|ARM.ActiveCfg = Debug|ARM
		{A6CFE021-BFAF-44F2-AAD0-FA76742329DC}.Debug|ARM.Build.0 = Debug|ARM
		{A6CFE021-BFAF-44F2-AAD0-FA76742329DC}.Debug|ARM.Deploy.0 = Debug|ARM
		{A6CFE021-BFAF-44F2-AAD0-FA76742329DC}.Debug|iPhone.ActiveCfg = Debug|Any CPU
		{A6CFE021-BFAF-44F2-AAD0-FA76742329DC}.Debug|iPhoneSimulator.ActiveCfg = Debug|Any CPU
		{A6CFE021-BFAF-44F2-AAD0-FA76742329DC}.Debug|Mixed Platforms.ActiveCfg = Debug|x86
		{A6CFE021-BFAF-44F2-AAD0-FA76742329DC}.Debug|Mixed Platforms.Build.0 = Debug|x86
		{A6CFE021-BFAF-44F2-AAD0-FA76742329DC}.Debug|Mixed Platforms.Deploy.0 = Debug|x86
		{A6CFE021-BFAF-44F2-AAD0-FA76742329DC}.Debug|x64.ActiveCfg = Debug|x64
		{A6CFE021-BFAF-44F2-AAD0-FA76742329DC}.Debug|x64.Build.0 = Debug|x64
		{A6CFE021-BFAF-44F2-AAD0-FA76742329DC}.Debug|x64.Deploy.0 = Debug|x64
		{A6CFE021-BFAF-44F2-AAD0-FA76742329DC}.Debug|x86.ActiveCfg = Debug|x86
		{A6CFE021-BFAF-44F2-AAD0-FA76742329DC}.Debug|x86.Build.0 = Debug|x86
		{A6CFE021-BFAF-44F2-AAD0-FA76742329DC}.Debug|x86.Deploy.0 = Debug|x86
		{A6CFE021-BFAF-44F2-AAD0-FA76742329DC}.Release|Any CPU.ActiveCfg = Release|Any CPU
		{A6CFE021-BFAF-44F2-AAD0-FA76742329DC}.Release|Any CPU.Build.0 = Release|Any CPU
		{A6CFE021-BFAF-44F2-AAD0-FA76742329DC}.Release|Any CPU.Deploy.0 = Release|Any CPU
		{A6CFE021-BFAF-44F2-AAD0-FA76742329DC}.Release|ARM.ActiveCfg = Release|ARM
		{A6CFE021-BFAF-44F2-AAD0-FA76742329DC}.Release|ARM.Build.0 = Release|ARM
		{A6CFE021-BFAF-44F2-AAD0-FA76742329DC}.Release|ARM.Deploy.0 = Release|ARM
		{A6CFE021-BFAF-44F2-AAD0-FA76742329DC}.Release|iPhone.ActiveCfg = Release|Any CPU
		{A6CFE021-BFAF-44F2-AAD0-FA76742329DC}.Release|iPhoneSimulator.ActiveCfg = Release|Any CPU
		{A6CFE021-BFAF-44F2-AAD0-FA76742329DC}.Release|Mixed Platforms.ActiveCfg = Release|x86
		{A6CFE021-BFAF-44F2-AAD0-FA76742329DC}.Release|Mixed Platforms.Build.0 = Release|x86
		{A6CFE021-BFAF-44F2-AAD0-FA76742329DC}.Release|Mixed Platforms.Deploy.0 = Release|x86
		{A6CFE021-BFAF-44F2-AAD0-FA76742329DC}.Release|x64.ActiveCfg = Release|x64
		{A6CFE021-BFAF-44F2-AAD0-FA76742329DC}.Release|x64.Build.0 = Release|x64
		{A6CFE021-BFAF-44F2-AAD0-FA76742329DC}.Release|x64.Deploy.0 = Release|x64
		{A6CFE021-BFAF-44F2-AAD0-FA76742329DC}.Release|x86.ActiveCfg = Release|x86
		{A6CFE021-BFAF-44F2-AAD0-FA76742329DC}.Release|x86.Build.0 = Release|x86
		{A6CFE021-BFAF-44F2-AAD0-FA76742329DC}.Release|x86.Deploy.0 = Release|x86
	EndGlobalSection
	GlobalSection(SolutionProperties) = preSolution
		HideSolutionNode = FALSE
	EndGlobalSection
EndGlobal
